
Microsoft Visual Studio Solution File, Format Version 12.00
# Visual Studio Version 16
VisualStudioVersion = 16.0.30011.22
MinimumVisualStudioVersion = 10.0.40219.1
Project("{FAE04EC0-301F-11D3-BF4B-00C04F79EFBC}") = "USFMToolsSharpDebugger", "USFMToolsSharpDebugger\USFMToolsSharpDebugger.csproj", "{B2B07A71-3ABE-4767-9880-AA364EFBE596}"
EndProject
Project("{9A19103F-16F7-4668-BE54-9A1E7A4F7556}") = "USFMToolsSharp", "..\..\work\USFMToolsSharp\USFMToolsSharp\USFMToolsSharp.csproj", "{AD6131DD-9A21-4185-B224-664888BD42F0}"
EndProject
Global
	GlobalSection(SolutionConfigurationPlatforms) = preSolution
		Debug|Any CPU = Debug|Any CPU
		Release|Any CPU = Release|Any CPU
	EndGlobalSection
	GlobalSection(ProjectConfigurationPlatforms) = postSolution
		{B2B07A71-3ABE-4767-9880-AA364EFBE596}.Debug|Any CPU.ActiveCfg = Debug|Any CPU
		{B2B07A71-3ABE-4767-9880-AA364EFBE596}.Debug|Any CPU.Build.0 = Debug|Any CPU
		{B2B07A71-3ABE-4767-9880-AA364EFBE596}.Release|Any CPU.ActiveCfg = Release|Any CPU
		{B2B07A71-3ABE-4767-9880-AA364EFBE596}.Release|Any CPU.Build.0 = Release|Any CPU
		{AD6131DD-9A21-4185-B224-664888BD42F0}.Debug|Any CPU.ActiveCfg = Debug|Any CPU
		{AD6131DD-9A21-4185-B224-664888BD42F0}.Debug|Any CPU.Build.0 = Debug|Any CPU
		{AD6131DD-9A21-4185-B224-664888BD42F0}.Release|Any CPU.ActiveCfg = Release|Any CPU
		{AD6131DD-9A21-4185-B224-664888BD42F0}.Release|Any CPU.Build.0 = Release|Any CPU
	EndGlobalSection
	GlobalSection(SolutionProperties) = preSolution
		HideSolutionNode = FALSE
	EndGlobalSection
	GlobalSection(ExtensibilityGlobals) = postSolution
		SolutionGuid = {4E85B89B-2A6F-4287-9E87-AD013F0DC3B5}
	EndGlobalSection
EndGlobal
